// !$*UTF8*$!
{
	archiveVersion = 1;
	classes = {
	};
	objectVersion = 48;
	objects = {

/* Begin PBXBuildFile section */
		181142D8201C9660004DCF67 /* profileViewController.swift in Sources */ = {isa = PBXBuildFile; fileRef = 181142D6201C9660004DCF67 /* profileViewController.swift */; };
		181142D9201C9660004DCF67 /* profileViewController.xib in Resources */ = {isa = PBXBuildFile; fileRef = 181142D7201C9660004DCF67 /* profileViewController.xib */; };
		18173402201A176E00055481 /* AppDelegate.swift in Sources */ = {isa = PBXBuildFile; fileRef = 18173401201A176E00055481 /* AppDelegate.swift */; };
		18173404201A176E00055481 /* ViewController.swift in Sources */ = {isa = PBXBuildFile; fileRef = 18173403201A176E00055481 /* ViewController.swift */; };
		18173407201A176E00055481 /* Main.storyboard in Resources */ = {isa = PBXBuildFile; fileRef = 18173405201A176E00055481 /* Main.storyboard */; };
		1817340A201A176E00055481 /* bookswapee.xcdatamodeld in Sources */ = {isa = PBXBuildFile; fileRef = 18173408201A176E00055481 /* bookswapee.xcdatamodeld */; };
		1817340C201A176E00055481 /* Assets.xcassets in Resources */ = {isa = PBXBuildFile; fileRef = 1817340B201A176E00055481 /* Assets.xcassets */; };
		1817340F201A176E00055481 /* LaunchScreen.storyboard in Resources */ = {isa = PBXBuildFile; fileRef = 1817340D201A176E00055481 /* LaunchScreen.storyboard */; };
		18173417201A5A5F00055481 /* SignUpViewController.swift in Sources */ = {isa = PBXBuildFile; fileRef = 18173416201A5A5F00055481 /* SignUpViewController.swift */; };
		18173419201A5AEE00055481 /* ForgetPasswordViewController.swift in Sources */ = {isa = PBXBuildFile; fileRef = 18173418201A5AEE00055481 /* ForgetPasswordViewController.swift */; };
		1817341B201A667600055481 /* GoogleService-Info.plist in Resources */ = {isa = PBXBuildFile; fileRef = 1817341A201A667600055481 /* GoogleService-Info.plist */; };
		1842CDDE201E398A0069D8AD /* googleMapViewController.swift in Sources */ = {isa = PBXBuildFile; fileRef = 1842CDDD201E398A0069D8AD /* googleMapViewController.swift */; };
		18797FB5201CB556000D25F3 /* DesignableX in Resources */ = {isa = PBXBuildFile; fileRef = 18797FB4201CB556000D25F3 /* DesignableX */; };
		9D3DEA9CBD621E013216B17A /* Pods_bookswapee.framework in Frameworks */ = {isa = PBXBuildFile; fileRef = 0565416C7CF13C8E7DD93C42 /* Pods_bookswapee.framework */; };
/* End PBXBuildFile section */

/* Begin PBXFileReference section */
		0565416C7CF13C8E7DD93C42 /* Pods_bookswapee.framework */ = {isa = PBXFileReference; explicitFileType = wrapper.framework; includeInIndex = 0; path = Pods_bookswapee.framework; sourceTree = BUILT_PRODUCTS_DIR; };
		181142D6201C9660004DCF67 /* profileViewController.swift */ = {isa = PBXFileReference; lastKnownFileType = sourcecode.swift; path = profileViewController.swift; sourceTree = "<group>"; };
		181142D7201C9660004DCF67 /* profileViewController.xib */ = {isa = PBXFileReference; lastKnownFileType = file.xib; path = profileViewController.xib; sourceTree = "<group>"; };
		181733FE201A176E00055481 /* bookswapee.app */ = {isa = PBXFileReference; explicitFileType = wrapper.application; includeInIndex = 0; path = bookswapee.app; sourceTree = BUILT_PRODUCTS_DIR; };
		18173401201A176E00055481 /* AppDelegate.swift */ = {isa = PBXFileReference; lastKnownFileType = sourcecode.swift; path = AppDelegate.swift; sourceTree = "<group>"; };
		18173403201A176E00055481 /* ViewController.swift */ = {isa = PBXFileReference; lastKnownFileType = sourcecode.swift; path = ViewController.swift; sourceTree = "<group>"; };
		18173406201A176E00055481 /* Base */ = {isa = PBXFileReference; lastKnownFileType = file.storyboard; name = Base; path = Base.lproj/Main.storyboard; sourceTree = "<group>"; };
		18173409201A176E00055481 /* bookswapee.xcdatamodel */ = {isa = PBXFileReference; lastKnownFileType = wrapper.xcdatamodel; path = bookswapee.xcdatamodel; sourceTree = "<group>"; };
		1817340B201A176E00055481 /* Assets.xcassets */ = {isa = PBXFileReference; lastKnownFileType = folder.assetcatalog; path = Assets.xcassets; sourceTree = "<group>"; };
		1817340E201A176E00055481 /* Base */ = {isa = PBXFileReference; lastKnownFileType = file.storyboard; name = Base; path = Base.lproj/LaunchScreen.storyboard; sourceTree = "<group>"; };
		18173410201A176E00055481 /* Info.plist */ = {isa = PBXFileReference; lastKnownFileType = text.plist.xml; path = Info.plist; sourceTree = "<group>"; };
		18173416201A5A5F00055481 /* SignUpViewController.swift */ = {isa = PBXFileReference; lastKnownFileType = sourcecode.swift; path = SignUpViewController.swift; sourceTree = "<group>"; };
		18173418201A5AEE00055481 /* ForgetPasswordViewController.swift */ = {isa = PBXFileReference; lastKnownFileType = sourcecode.swift; path = ForgetPasswordViewController.swift; sourceTree = "<group>"; };
		1817341A201A667600055481 /* GoogleService-Info.plist */ = {isa = PBXFileReference; fileEncoding = 4; lastKnownFileType = text.plist.xml; path = "GoogleService-Info.plist"; sourceTree = "<group>"; };
		1842CDDD201E398A0069D8AD /* googleMapViewController.swift */ = {isa = PBXFileReference; lastKnownFileType = sourcecode.swift; path = googleMapViewController.swift; sourceTree = "<group>"; };
		18797FB4201CB556000D25F3 /* DesignableX */ = {isa = PBXFileReference; lastKnownFileType = folder; path = DesignableX; sourceTree = "<group>"; };
		2AB3126D7556AC0C6FDFF24F /* Pods-bookswapee.release.xcconfig */ = {isa = PBXFileReference; includeInIndex = 1; lastKnownFileType = text.xcconfig; name = "Pods-bookswapee.release.xcconfig"; path = "Pods/Target Support Files/Pods-bookswapee/Pods-bookswapee.release.xcconfig"; sourceTree = "<group>"; };
		652802AE733D2FC9899F9717 /* Pods-bookswapee.debug.xcconfig */ = {isa = PBXFileReference; includeInIndex = 1; lastKnownFileType = text.xcconfig; name = "Pods-bookswapee.debug.xcconfig"; path = "Pods/Target Support Files/Pods-bookswapee/Pods-bookswapee.debug.xcconfig"; sourceTree = "<group>"; };
/* End PBXFileReference section */

/* Begin PBXFrameworksBuildPhase section */
		181733FB201A176E00055481 /* Frameworks */ = {
			isa = PBXFrameworksBuildPhase;
			buildActionMask = 2147483647;
			files = (
				9D3DEA9CBD621E013216B17A /* Pods_bookswapee.framework in Frameworks */,
			);
			runOnlyForDeploymentPostprocessing = 0;
		};
/* End PBXFrameworksBuildPhase section */

/* Begin PBXGroup section */
		181733F5201A176D00055481 = {
			isa = PBXGroup;
			children = (
				18173400201A176E00055481 /* bookswapee */,
				181733FF201A176E00055481 /* Products */,
				BA1B48351390B610FF5A8675 /* Pods */,
				59DA52E505CBC7301DB8CB10 /* Frameworks */,
			);
			sourceTree = "<group>";
		};
		181733FF201A176E00055481 /* Products */ = {
			isa = PBXGroup;
			children = (
				181733FE201A176E00055481 /* bookswapee.app */,
			);
			name = Products;
			sourceTree = "<group>";
		};
		18173400201A176E00055481 /* bookswapee */ = {
			isa = PBXGroup;
			children = (
				18797FB1201CB4E9000D25F3 /* resourses */,
				18B0F24B201B1B8600DE7F69 /* View */,
				18B0F24A201B1B5D00DE7F69 /* Controller */,
				18173410201A176E00055481 /* Info.plist */,
				1817341A201A667600055481 /* GoogleService-Info.plist */,
				18173408201A176E00055481 /* bookswapee.xcdatamodeld */,
			);
			path = bookswapee;
			sourceTree = "<group>";
		};
		18797FB1201CB4E9000D25F3 /* resourses */ = {
			isa = PBXGroup;
			children = (
				18797FB4201CB556000D25F3 /* DesignableX */,
				1817340B201A176E00055481 /* Assets.xcassets */,
			);
			path = resourses;
			sourceTree = "<group>";
		};
		18B0F24A201B1B5D00DE7F69 /* Controller */ = {
			isa = PBXGroup;
			children = (
				18173401201A176E00055481 /* AppDelegate.swift */,
				1842CDDD201E398A0069D8AD /* googleMapViewController.swift */,
				18173403201A176E00055481 /* ViewController.swift */,
				18173418201A5AEE00055481 /* ForgetPasswordViewController.swift */,
				18173416201A5A5F00055481 /* SignUpViewController.swift */,
				181142D6201C9660004DCF67 /* profileViewController.swift */,
				181142D7201C9660004DCF67 /* profileViewController.xib */,
			);
			path = Controller;
			sourceTree = "<group>";
		};
		18B0F24B201B1B8600DE7F69 /* View */ = {
			isa = PBXGroup;
			children = (
				18173405201A176E00055481 /* Main.storyboard */,
				1817340D201A176E00055481 /* LaunchScreen.storyboard */,
			);
			path = View;
			sourceTree = "<group>";
		};
		59DA52E505CBC7301DB8CB10 /* Frameworks */ = {
			isa = PBXGroup;
			children = (
				0565416C7CF13C8E7DD93C42 /* Pods_bookswapee.framework */,
			);
			name = Frameworks;
			sourceTree = "<group>";
		};
		BA1B48351390B610FF5A8675 /* Pods */ = {
			isa = PBXGroup;
			children = (
				652802AE733D2FC9899F9717 /* Pods-bookswapee.debug.xcconfig */,
				2AB3126D7556AC0C6FDFF24F /* Pods-bookswapee.release.xcconfig */,
			);
			name = Pods;
			sourceTree = "<group>";
		};
/* End PBXGroup section */

/* Begin PBXNativeTarget section */
		181733FD201A176E00055481 /* bookswapee */ = {
			isa = PBXNativeTarget;
			buildConfigurationList = 18173413201A176E00055481 /* Build configuration list for PBXNativeTarget "bookswapee" */;
			buildPhases = (
				994A739A5EB4606F48881E6E /* [CP] Check Pods Manifest.lock */,
				181733FA201A176E00055481 /* Sources */,
				181733FB201A176E00055481 /* Frameworks */,
				181733FC201A176E00055481 /* Resources */,
				8C6AD787237954837173373E /* [CP] Embed Pods Frameworks */,
				0EE9E7A750E1028E1218A1E1 /* [CP] Copy Pods Resources */,
			);
			buildRules = (
			);
			dependencies = (
			);
			name = bookswapee;
			productName = bookswapee;
			productReference = 181733FE201A176E00055481 /* bookswapee.app */;
			productType = "com.apple.product-type.application";
		};
/* End PBXNativeTarget section */

/* Begin PBXProject section */
		181733F6201A176D00055481 /* Project object */ = {
			isa = PBXProject;
			attributes = {
				LastSwiftUpdateCheck = 0920;
				LastUpgradeCheck = 0920;
				ORGANIZATIONNAME = "Amin Torabi";
				TargetAttributes = {
					181733FD201A176E00055481 = {
						CreatedOnToolsVersion = 9.2;
						ProvisioningStyle = Automatic;
					};
				};
			};
			buildConfigurationList = 181733F9201A176D00055481 /* Build configuration list for PBXProject "bookswapee" */;
			compatibilityVersion = "Xcode 8.0";
			developmentRegion = en;
			hasScannedForEncodings = 0;
			knownRegions = (
				en,
				Base,
			);
			mainGroup = 181733F5201A176D00055481;
			productRefGroup = 181733FF201A176E00055481 /* Products */;
			projectDirPath = "";
			projectRoot = "";
			targets = (
				181733FD201A176E00055481 /* bookswapee */,
			);
		};
/* End PBXProject section */

/* Begin PBXResourcesBuildPhase section */
		181733FC201A176E00055481 /* Resources */ = {
			isa = PBXResourcesBuildPhase;
			buildActionMask = 2147483647;
			files = (
				1817340F201A176E00055481 /* LaunchScreen.storyboard in Resources */,
				18797FB5201CB556000D25F3 /* DesignableX in Resources */,
				1817340C201A176E00055481 /* Assets.xcassets in Resources */,
				1817341B201A667600055481 /* GoogleService-Info.plist in Resources */,
				18173407201A176E00055481 /* Main.storyboard in Resources */,
				181142D9201C9660004DCF67 /* profileViewController.xib in Resources */,
			);
			runOnlyForDeploymentPostprocessing = 0;
		};
/* End PBXResourcesBuildPhase section */

/* Begin PBXShellScriptBuildPhase section */
		0EE9E7A750E1028E1218A1E1 /* [CP] Copy Pods Resources */ = {
			isa = PBXShellScriptBuildPhase;
			buildActionMask = 2147483647;
			files = (
			);
			inputPaths = (
				"${SRCROOT}/Pods/Target Support Files/Pods-bookswapee/Pods-bookswapee-resources.sh",
				"${PODS_ROOT}/GoogleMaps/Maps/Frameworks/GoogleMaps.framework/Resources/GoogleMaps.bundle",
			);
			name = "[CP] Copy Pods Resources";
			outputPaths = (
				"${TARGET_BUILD_DIR}/${UNLOCALIZED_RESOURCES_FOLDER_PATH}",
			);
			runOnlyForDeploymentPostprocessing = 0;
			shellPath = /bin/sh;
			shellScript = "\"${SRCROOT}/Pods/Target Support Files/Pods-bookswapee/Pods-bookswapee-resources.sh\"\n";
			showEnvVarsInLog = 0;
		};
		8C6AD787237954837173373E /* [CP] Embed Pods Frameworks */ = {
			isa = PBXShellScriptBuildPhase;
			buildActionMask = 2147483647;
			files = (
			);
			inputPaths = (
				"${SRCROOT}/Pods/Target Support Files/Pods-bookswapee/Pods-bookswapee-frameworks.sh",
				"${BUILT_PRODUCTS_DIR}/ChameleonFramework/ChameleonFramework.framework",
				"${BUILT_PRODUCTS_DIR}/GTMSessionFetcher/GTMSessionFetcher.framework",
				"${BUILT_PRODUCTS_DIR}/GoogleToolboxForMac/GoogleToolboxForMac.framework",
				"${BUILT_PRODUCTS_DIR}/SVProgressHUD/SVProgressHUD.framework",
				"${BUILT_PRODUCTS_DIR}/leveldb-library/leveldb.framework",
				"${BUILT_PRODUCTS_DIR}/nanopb/nanopb.framework",
			);
			name = "[CP] Embed Pods Frameworks";
			outputPaths = (
				"${TARGET_BUILD_DIR}/${FRAMEWORKS_FOLDER_PATH}/ChameleonFramework.framework",
				"${TARGET_BUILD_DIR}/${FRAMEWORKS_FOLDER_PATH}/GTMSessionFetcher.framework",
				"${TARGET_BUILD_DIR}/${FRAMEWORKS_FOLDER_PATH}/GoogleToolboxForMac.framework",
				"${TARGET_BUILD_DIR}/${FRAMEWORKS_FOLDER_PATH}/SVProgressHUD.framework",
				"${TARGET_BUILD_DIR}/${FRAMEWORKS_FOLDER_PATH}/leveldb.framework",
				"${TARGET_BUILD_DIR}/${FRAMEWORKS_FOLDER_PATH}/nanopb.framework",
			);
			runOnlyForDeploymentPostprocessing = 0;
			shellPath = /bin/sh;
			shellScript = "\"${SRCROOT}/Pods/Target Support Files/Pods-bookswapee/Pods-bookswapee-frameworks.sh\"\n";
			showEnvVarsInLog = 0;
		};
		994A739A5EB4606F48881E6E /* [CP] Check Pods Manifest.lock */ = {
			isa = PBXShellScriptBuildPhase;
			buildActionMask = 2147483647;
			files = (
			);
			inputPaths = (
				"${PODS_PODFILE_DIR_PATH}/Podfile.lock",
				"${PODS_ROOT}/Manifest.lock",
			);
			name = "[CP] Check Pods Manifest.lock";
			outputPaths = (
				"$(DERIVED_FILE_DIR)/Pods-bookswapee-checkManifestLockResult.txt",
			);
			runOnlyForDeploymentPostprocessing = 0;
			shellPath = /bin/sh;
			shellScript = "diff \"${PODS_PODFILE_DIR_PATH}/Podfile.lock\" \"${PODS_ROOT}/Manifest.lock\" > /dev/null\nif [ $? != 0 ] ; then\n    # print error to STDERR\n    echo \"error: The sandbox is not in sync with the Podfile.lock. Run 'pod install' or update your CocoaPods installation.\" >&2\n    exit 1\nfi\n# This output is used by Xcode 'outputs' to avoid re-running this script phase.\necho \"SUCCESS\" > \"${SCRIPT_OUTPUT_FILE_0}\"\n";
			showEnvVarsInLog = 0;
		};
/* End PBXShellScriptBuildPhase section */

/* Begin PBXSourcesBuildPhase section */
		181733FA201A176E00055481 /* Sources */ = {
			isa = PBXSourcesBuildPhase;
			buildActionMask = 2147483647;
			files = (
				18173404201A176E00055481 /* ViewController.swift in Sources */,
				1817340A201A176E00055481 /* bookswapee.xcdatamodeld in Sources */,
				181142D8201C9660004DCF67 /* profileViewController.swift in Sources */,
				1842CDDE201E398A0069D8AD /* googleMapViewController.swift in Sources */,
				18173419201A5AEE00055481 /* ForgetPasswordViewController.swift in Sources */,
				18173417201A5A5F00055481 /* SignUpViewController.swift in Sources */,
				18173402201A176E00055481 /* AppDelegate.swift in Sources */,
			);
			runOnlyForDeploymentPostprocessing = 0;
		};
/* End PBXSourcesBuildPhase section */

/* Begin PBXVariantGroup section */
		18173405201A176E00055481 /* Main.storyboard */ = {
			isa = PBXVariantGroup;
			children = (
				18173406201A176E00055481 /* Base */,
			);
			name = Main.storyboard;
			sourceTree = "<group>";
		};
		1817340D201A176E00055481 /* LaunchScreen.storyboard */ = {
			isa = PBXVariantGroup;
			children = (
				1817340E201A176E00055481 /* Base */,
			);
			name = LaunchScreen.storyboard;
			sourceTree = "<group>";
		};
/* End PBXVariantGroup section */

/* Begin XCBuildConfiguration section */
		18173411201A176E00055481 /* Debug */ = {
			isa = XCBuildConfiguration;
			buildSettings = {
				ALWAYS_SEARCH_USER_PATHS = NO;
				CLANG_ANALYZER_NONNULL = YES;
				CLANG_ANALYZER_NUMBER_OBJECT_CONVERSION = YES_AGGRESSIVE;
				CLANG_CXX_LANGUAGE_STANDARD = "gnu++14";
				CLANG_CXX_LIBRARY = "libc++";
				CLANG_ENABLE_MODULES = YES;
				CLANG_ENABLE_OBJC_ARC = YES;
				CLANG_WARN_BLOCK_CAPTURE_AUTORELEASING = YES;
				CLANG_WARN_BOOL_CONVERSION = YES;
				CLANG_WARN_COMMA = YES;
				CLANG_WARN_CONSTANT_CONVERSION = YES;
				CLANG_WARN_DIRECT_OBJC_ISA_USAGE = YES_ERROR;
				CLANG_WARN_DOCUMENTATION_COMMENTS = YES;
				CLANG_WARN_EMPTY_BODY = YES;
				CLANG_WARN_ENUM_CONVERSION = YES;
				CLANG_WARN_INFINITE_RECURSION = YES;
				CLANG_WARN_INT_CONVERSION = YES;
				CLANG_WARN_NON_LITERAL_NULL_CONVERSION = YES;
				CLANG_WARN_OBJC_LITERAL_CONVERSION = YES;
				CLANG_WARN_OBJC_ROOT_CLASS = YES_ERROR;
				CLANG_WARN_RANGE_LOOP_ANALYSIS = YES;
				CLANG_WARN_STRICT_PROTOTYPES = YES;
				CLANG_WARN_SUSPICIOUS_MOVE = YES;
				CLANG_WARN_UNGUARDED_AVAILABILITY = YES_AGGRESSIVE;
				CLANG_WARN_UNREACHABLE_CODE = YES;
				CLANG_WARN__DUPLICATE_METHOD_MATCH = YES;
				CODE_SIGN_IDENTITY = "iPhone Developer";
				COPY_PHASE_STRIP = NO;
				DEBUG_INFORMATION_FORMAT = dwarf;
				ENABLE_STRICT_OBJC_MSGSEND = YES;
				ENABLE_TESTABILITY = YES;
				GCC_C_LANGUAGE_STANDARD = gnu11;
				GCC_DYNAMIC_NO_PIC = NO;
				GCC_NO_COMMON_BLOCKS = YES;
				GCC_OPTIMIZATION_LEVEL = 0;
				GCC_PREPROCESSOR_DEFINITIONS = (
					"DEBUG=1",
					"$(inherited)",
				);
				GCC_WARN_64_TO_32_BIT_CONVERSION = YES;
				GCC_WARN_ABOUT_RETURN_TYPE = YES_ERROR;
				GCC_WARN_UNDECLARED_SELECTOR = YES;
				GCC_WARN_UNINITIALIZED_AUTOS = YES_AGGRESSIVE;
				GCC_WARN_UNUSED_FUNCTION = YES;
				GCC_WARN_UNUSED_VARIABLE = YES;
				IPHONEOS_DEPLOYMENT_TARGET = 11.2;
				MTL_ENABLE_DEBUG_INFO = YES;
				ONLY_ACTIVE_ARCH = YES;
				SDKROOT = iphoneos;
				SWIFT_ACTIVE_COMPILATION_CONDITIONS = DEBUG;
				SWIFT_OPTIMIZATION_LEVEL = "-Onone";
			};
			name = Debug;
		};
		18173412201A176E00055481 /* Release */ = {
			isa = XCBuildConfiguration;
			buildSettings = {
				ALWAYS_SEARCH_USER_PATHS = NO;
				CLANG_ANALYZER_NONNULL = YES;
				CLANG_ANALYZER_NUMBER_OBJECT_CONVERSION = YES_AGGRESSIVE;
				CLANG_CXX_LANGUAGE_STANDARD = "gnu++14";
				CLANG_CXX_LIBRARY = "libc++";
				CLANG_ENABLE_MODULES = YES;
				CLANG_ENABLE_OBJC_ARC = YES;
				CLANG_WARN_BLOCK_CAPTURE_AUTORELEASING = YES;
				CLANG_WARN_BOOL_CONVERSION = YES;
				CLANG_WARN_COMMA = YES;
				CLANG_WARN_CONSTANT_CONVERSION = YES;
				CLANG_WARN_DIRECT_OBJC_ISA_USAGE = YES_ERROR;
				CLANG_WARN_DOCUMENTATION_COMMENTS = YES;
				CLANG_WARN_EMPTY_BODY = YES;
				CLANG_WARN_ENUM_CONVERSION = YES;
				CLANG_WARN_INFINITE_RECURSION = YES;
				CLANG_WARN_INT_CONVERSION = YES;
				CLANG_WARN_NON_LITERAL_NULL_CONVERSION = YES;
				CLANG_WARN_OBJC_LITERAL_CONVERSION = YES;
				CLANG_WARN_OBJC_ROOT_CLASS = YES_ERROR;
				CLANG_WARN_RANGE_LOOP_ANALYSIS = YES;
				CLANG_WARN_STRICT_PROTOTYPES = YES;
				CLANG_WARN_SUSPICIOUS_MOVE = YES;
				CLANG_WARN_UNGUARDED_AVAILABILITY = YES_AGGRESSIVE;
				CLANG_WARN_UNREACHABLE_CODE = YES;
				CLANG_WARN__DUPLICATE_METHOD_MATCH = YES;
				CODE_SIGN_IDENTITY = "iPhone Developer";
				COPY_PHASE_STRIP = NO;
				DEBUG_INFORMATION_FORMAT = "dwarf-with-dsym";
				ENABLE_NS_ASSERTIONS = NO;
				ENABLE_STRICT_OBJC_MSGSEND = YES;
				GCC_C_LANGUAGE_STANDARD = gnu11;
				GCC_NO_COMMON_BLOCKS = YES;
				GCC_WARN_64_TO_32_BIT_CONVERSION = YES;
				GCC_WARN_ABOUT_RETURN_TYPE = YES_ERROR;
				GCC_WARN_UNDECLARED_SELECTOR = YES;
				GCC_WARN_UNINITIALIZED_AUTOS = YES_AGGRESSIVE;
				GCC_WARN_UNUSED_FUNCTION = YES;
				GCC_WARN_UNUSED_VARIABLE = YES;
				IPHONEOS_DEPLOYMENT_TARGET = 11.2;
				MTL_ENABLE_DEBUG_INFO = NO;
				SDKROOT = iphoneos;
				SWIFT_OPTIMIZATION_LEVEL = "-Owholemodule";
				VALIDATE_PRODUCT = YES;
			};
			name = Release;
		};
		18173414201A176E00055481 /* Debug */ = {
			isa = XCBuildConfiguration;
			baseConfigurationReference = 652802AE733D2FC9899F9717 /* Pods-bookswapee.debug.xcconfig */;
			buildSettings = {
				ASSETCATALOG_COMPILER_APPICON_NAME = AppIcon;
				CODE_SIGN_STYLE = Automatic;
				INFOPLIST_FILE = bookswapee/Info.plist;
				LD_RUNPATH_SEARCH_PATHS = "$(inherited) @executable_path/Frameworks";
				PRODUCT_BUNDLE_IDENTIFIER = com.amintorabi.bookswapee;
				PRODUCT_NAME = "$(TARGET_NAME)";
				SWIFT_VERSION = 4.0;
				TARGETED_DEVICE_FAMILY = "1,2";
			};
			name = Debug;
		};
		18173415201A176E00055481 /* Release */ = {
			isa = XCBuildConfiguration;
			baseConfigurationReference = 2AB3126D7556AC0C6FDFF24F /* Pods-bookswapee.release.xcconfig */;
			buildSettings = {
				ASSETCATALOG_COMPILER_APPICON_NAME = AppIcon;
				CODE_SIGN_STYLE = Automatic;
				INFOPLIST_FILE = bookswapee/Info.plist;
				LD_RUNPATH_SEARCH_PATHS = "$(inherited) @executable_path/Frameworks";
				PRODUCT_BUNDLE_IDENTIFIER = com.amintorabi.bookswapee;
				PRODUCT_NAME = "$(TARGET_NAME)";
				SWIFT_VERSION = 4.0;
				TARGETED_DEVICE_FAMILY = "1,2";
			};
			name = Release;
		};
/* End XCBuildConfiguration section */

/* Begin XCConfigurationList section */
		181733F9201A176D00055481 /* Build configuration list for PBXProject "bookswapee" */ = {
			isa = XCConfigurationList;
			buildConfigurations = (
				18173411201A176E00055481 /* Debug */,
				18173412201A176E00055481 /* Release */,
			);
			defaultConfigurationIsVisible = 0;
			defaultConfigurationName = Release;
		};
		18173413201A176E00055481 /* Build configuration list for PBXNativeTarget "bookswapee" */ = {
			isa = XCConfigurationList;
			buildConfigurations = (
				18173414201A176E00055481 /* Debug */,
				18173415201A176E00055481 /* Release */,
			);
			defaultConfigurationIsVisible = 0;
			defaultConfigurationName = Release;
		};
/* End XCConfigurationList section */

/* Begin XCVersionGroup section */
		18173408201A176E00055481 /* bookswapee.xcdatamodeld */ = {
			isa = XCVersionGroup;
			children = (
				18173409201A176E00055481 /* bookswapee.xcdatamodel */,
			);
			currentVersion = 18173409201A176E00055481 /* bookswapee.xcdatamodel */;
			path = bookswapee.xcdatamodeld;
			sourceTree = "<group>";
			versionGroupType = wrapper.xcdatamodel;
		};
/* End XCVersionGroup section */
	};
	rootObject = 181733F6201A176D00055481 /* Project object */;
}
